
Microsoft Visual Studio Solution File, Format Version 12.00
# Visual Studio Version 16
VisualStudioVersion = 16.0.31410.357
MinimumVisualStudioVersion = 10.0.40219.1
Project("{FAE04EC0-301F-11D3-BF4B-00C04F79EFBC}") = "Number_to_Corresponding_Month", "Number_to_Corresponding_Month\Number_to_Corresponding_Month.csproj", "{B0F3D156-47C0-435A-81DE-1393AB3E7FCD}"
EndProject
Global
	GlobalSection(SolutionConfigurationPlatforms) = preSolution
		Debug|Any CPU = Debug|Any CPU
		Release|Any CPU = Release|Any CPU
	EndGlobalSection
	GlobalSection(ProjectConfigurationPlatforms) = postSolution
		{B0F3D156-47C0-435A-81DE-1393AB3E7FCD}.Debug|Any CPU.ActiveCfg = Debug|Any CPU
		{B0F3D156-47C0-435A-81DE-1393AB3E7FCD}.Debug|Any CPU.Build.0 = Debug|Any CPU
		{B0F3D156-47C0-435A-81DE-1393AB3E7FCD}.Release|Any CPU.ActiveCfg = Release|Any CPU
		{B0F3D156-47C0-435A-81DE-1393AB3E7FCD}.Release|Any CPU.Build.0 = Release|Any CPU
	EndGlobalSection
	GlobalSection(SolutionProperties) = preSolution
		HideSolutionNode = FALSE
	EndGlobalSection
	GlobalSection(ExtensibilityGlobals) = postSolution
		SolutionGuid = {99C50077-700C-4149-B56D-863EEFC8846E}
	EndGlobalSection
EndGlobal
